// !$*UTF8*$!
{
	archiveVersion = 1;
	classes = {
	};
	objectVersion = 50;
	objects = {

/* Begin PBXBuildFile section */
		FDF01CA72511F93A004EAFF8 /* AppDelegate.swift in Sources */ = {isa = PBXBuildFile; fileRef = FDF01CA62511F93A004EAFF8 /* AppDelegate.swift */; };
		FDF01CA92511F93A004EAFF8 /* SceneDelegate.swift in Sources */ = {isa = PBXBuildFile; fileRef = FDF01CA82511F93A004EAFF8 /* SceneDelegate.swift */; };
		FDF01CAB2511F93A004EAFF8 /* ViewController.swift in Sources */ = {isa = PBXBuildFile; fileRef = FDF01CAA2511F93A004EAFF8 /* ViewController.swift */; };
		FDF01CAE2511F93A004EAFF8 /* Main.storyboard in Resources */ = {isa = PBXBuildFile; fileRef = FDF01CAC2511F93A004EAFF8 /* Main.storyboard */; };
		FDF01CB02511F942004EAFF8 /* Assets.xcassets in Resources */ = {isa = PBXBuildFile; fileRef = FDF01CAF2511F942004EAFF8 /* Assets.xcassets */; };
		FDF01CB32511F942004EAFF8 /* LaunchScreen.storyboard in Resources */ = {isa = PBXBuildFile; fileRef = FDF01CB12511F942004EAFF8 /* LaunchScreen.storyboard */; };
		FDF01CBE2511F942004EAFF8 /* UnitTestSample2Tests.swift in Sources */ = {isa = PBXBuildFile; fileRef = FDF01CBD2511F942004EAFF8 /* UnitTestSample2Tests.swift */; };
/* End PBXBuildFile section */

/* Begin PBXContainerItemProxy section */
		FDF01CBA2511F942004EAFF8 /* PBXContainerItemProxy */ = {
			isa = PBXContainerItemProxy;
			containerPortal = FDF01C9B2511F93A004EAFF8 /* Project object */;
			proxyType = 1;
			remoteGlobalIDString = FDF01CA22511F93A004EAFF8;
			remoteInfo = UnitTestSample2;
		};
/* End PBXContainerItemProxy section */

/* Begin PBXFileReference section */
		FDF01CA32511F93A004EAFF8 /* UnitTestSample2.app */ = {isa = PBXFileReference; explicitFileType = wrapper.application; includeInIndex = 0; path = UnitTestSample2.app; sourceTree = BUILT_PRODUCTS_DIR; };
		FDF01CA62511F93A004EAFF8 /* AppDelegate.swift */ = {isa = PBXFileReference; lastKnownFileType = sourcecode.swift; path = AppDelegate.swift; sourceTree = "<group>"; };
		FDF01CA82511F93A004EAFF8 /* SceneDelegate.swift */ = {isa = PBXFileReference; lastKnownFileType = sourcecode.swift; path = SceneDelegate.swift; sourceTree = "<group>"; };
		FDF01CAA2511F93A004EAFF8 /* ViewController.swift */ = {isa = PBXFileReference; lastKnownFileType = sourcecode.swift; path = ViewController.swift; sourceTree = "<group>"; };
		FDF01CAD2511F93A004EAFF8 /* Base */ = {isa = PBXFileReference; lastKnownFileType = file.storyboard; name = Base; path = Base.lproj/Main.storyboard; sourceTree = "<group>"; };
		FDF01CAF2511F942004EAFF8 /* Assets.xcassets */ = {isa = PBXFileReference; lastKnownFileType = folder.assetcatalog; path = Assets.xcassets; sourceTree = "<group>"; };
		FDF01CB22511F942004EAFF8 /* Base */ = {isa = PBXFileReference; lastKnownFileType = file.storyboard; name = Base; path = Base.lproj/LaunchScreen.storyboard; sourceTree = "<group>"; };
		FDF01CB42511F942004EAFF8 /* Info.plist */ = {isa = PBXFileReference; lastKnownFileType = text.plist.xml; path = Info.plist; sourceTree = "<group>"; };
		FDF01CB92511F942004EAFF8 /* UnitTestSample2Tests.xctest */ = {isa = PBXFileReference; explicitFileType = wrapper.cfbundle; includeInIndex = 0; path = UnitTestSample2Tests.xctest; sourceTree = BUILT_PRODUCTS_DIR; };
		FDF01CBD2511F942004EAFF8 /* UnitTestSample2Tests.swift */ = {isa = PBXFileReference; lastKnownFileType = sourcecode.swift; path = UnitTestSample2Tests.swift; sourceTree = "<group>"; };
		FDF01CBF2511F942004EAFF8 /* Info.plist */ = {isa = PBXFileReference; lastKnownFileType = text.plist.xml; path = Info.plist; sourceTree = "<group>"; };
/* End PBXFileReference section */

/* Begin PBXFrameworksBuildPhase section */
		FDF01CA02511F93A004EAFF8 /* Frameworks */ = {
			isa = PBXFrameworksBuildPhase;
			buildActionMask = 2147483647;
			files = (
			);
			runOnlyForDeploymentPostprocessing = 0;
		};
		FDF01CB62511F942004EAFF8 /* Frameworks */ = {
			isa = PBXFrameworksBuildPhase;
			buildActionMask = 2147483647;
			files = (
			);
			runOnlyForDeploymentPostprocessing = 0;
		};
/* End PBXFrameworksBuildPhase section */

/* Begin PBXGroup section */
		FDF01C9A2511F93A004EAFF8 = {
			isa = PBXGroup;
			children = (
				FDF01CA52511F93A004EAFF8 /* UnitTestSample2 */,
				FDF01CBC2511F942004EAFF8 /* UnitTestSample2Tests */,
				FDF01CA42511F93A004EAFF8 /* Products */,
			);
			sourceTree = "<group>";
		};
		FDF01CA42511F93A004EAFF8 /* Products */ = {
			isa = PBXGroup;
			children = (
				FDF01CA32511F93A004EAFF8 /* UnitTestSample2.app */,
				FDF01CB92511F942004EAFF8 /* UnitTestSample2Tests.xctest */,
			);
			name = Products;
			sourceTree = "<group>";
		};
		FDF01CA52511F93A004EAFF8 /* UnitTestSample2 */ = {
			isa = PBXGroup;
			children = (
				FDF01CA62511F93A004EAFF8 /* AppDelegate.swift */,
				FDF01CA82511F93A004EAFF8 /* SceneDelegate.swift */,
				FDF01CAA2511F93A004EAFF8 /* ViewController.swift */,
				FDF01CAC2511F93A004EAFF8 /* Main.storyboard */,
				FDF01CAF2511F942004EAFF8 /* Assets.xcassets */,
				FDF01CB12511F942004EAFF8 /* LaunchScreen.storyboard */,
				FDF01CB42511F942004EAFF8 /* Info.plist */,
			);
			path = UnitTestSample2;
			sourceTree = "<group>";
		};
		FDF01CBC2511F942004EAFF8 /* UnitTestSample2Tests */ = {
			isa = PBXGroup;
			children = (
				FDF01CBD2511F942004EAFF8 /* UnitTestSample2Tests.swift */,
				FDF01CBF2511F942004EAFF8 /* Info.plist */,
			);
			path = UnitTestSample2Tests;
			sourceTree = "<group>";
		};
/* End PBXGroup section */

/* Begin PBXNativeTarget section */
		FDF01CA22511F93A004EAFF8 /* UnitTestSample2 */ = {
			isa = PBXNativeTarget;
			buildConfigurationList = FDF01CC22511F942004EAFF8 /* Build configuration list for PBXNativeTarget "UnitTestSample2" */;
			buildPhases = (
				FDF01C9F2511F93A004EAFF8 /* Sources */,
				FDF01CA02511F93A004EAFF8 /* Frameworks */,
				FDF01CA12511F93A004EAFF8 /* Resources */,
			);
			buildRules = (
			);
			dependencies = (
			);
			name = UnitTestSample2;
			productName = UnitTestSample2;
			productReference = FDF01CA32511F93A004EAFF8 /* UnitTestSample2.app */;
			productType = "com.apple.product-type.application";
		};
		FDF01CB82511F942004EAFF8 /* UnitTestSample2Tests */ = {
			isa = PBXNativeTarget;
			buildConfigurationList = FDF01CC52511F942004EAFF8 /* Build configuration list for PBXNativeTarget "UnitTestSample2Tests" */;
			buildPhases = (
				FDF01CB52511F942004EAFF8 /* Sources */,
				FDF01CB62511F942004EAFF8 /* Frameworks */,
				FDF01CB72511F942004EAFF8 /* Resources */,
			);
			buildRules = (
			);
			dependencies = (
				FDF01CBB2511F942004EAFF8 /* PBXTargetDependency */,
			);
			name = UnitTestSample2Tests;
			productName = UnitTestSample2Tests;
			productReference = FDF01CB92511F942004EAFF8 /* UnitTestSample2Tests.xctest */;
			productType = "com.apple.product-type.bundle.unit-test";
		};
/* End PBXNativeTarget section */

/* Begin PBXProject section */
		FDF01C9B2511F93A004EAFF8 /* Project object */ = {
			isa = PBXProject;
			attributes = {
				LastSwiftUpdateCheck = 1150;
				LastUpgradeCheck = 1150;
				ORGANIZATIONNAME = "Swift-beginners";
				TargetAttributes = {
					FDF01CA22511F93A004EAFF8 = {
						CreatedOnToolsVersion = 11.5;
					};
					FDF01CB82511F942004EAFF8 = {
						CreatedOnToolsVersion = 11.5;
						TestTargetID = FDF01CA22511F93A004EAFF8;
					};
				};
			};
			buildConfigurationList = FDF01C9E2511F93A004EAFF8 /* Build configuration list for PBXProject "UnitTestSample2" */;
			compatibilityVersion = "Xcode 9.3";
			developmentRegion = en;
			hasScannedForEncodings = 0;
			knownRegions = (
				en,
				Base,
			);
			mainGroup = FDF01C9A2511F93A004EAFF8;
			productRefGroup = FDF01CA42511F93A004EAFF8 /* Products */;
			projectDirPath = "";
			projectRoot = "";
			targets = (
				FDF01CA22511F93A004EAFF8 /* UnitTestSample2 */,
				FDF01CB82511F942004EAFF8 /* UnitTestSample2Tests */,
			);
		};
/* End PBXProject section */

/* Begin PBXResourcesBuildPhase section */
		FDF01CA12511F93A004EAFF8 /* Resources */ = {
			isa = PBXResourcesBuildPhase;
			buildActionMask = 2147483647;
			files = (
				FDF01CB32511F942004EAFF8 /* LaunchScreen.storyboard in Resources */,
				FDF01CB02511F942004EAFF8 /* Assets.xcassets in Resources */,
				FDF01CAE2511F93A004EAFF8 /* Main.storyboard in Resources */,
			);
			runOnlyForDeploymentPostprocessing = 0;
		};
		FDF01CB72511F942004EAFF8 /* Resources */ = {
			isa = PBXResourcesBuildPhase;
			buildActionMask = 2147483647;
			files = (
			);
			runOnlyForDeploymentPostprocessing = 0;
		};
/* End PBXResourcesBuildPhase section */

/* Begin PBXSourcesBuildPhase section */
		FDF01C9F2511F93A004EAFF8 /* Sources */ = {
			isa = PBXSourcesBuildPhase;
			buildActionMask = 2147483647;
			files = (
				FDF01CAB2511F93A004EAFF8 /* ViewController.swift in Sources */,
				FDF01CA72511F93A004EAFF8 /* AppDelegate.swift in Sources */,
				FDF01CA92511F93A004EAFF8 /* SceneDelegate.swift in Sources */,
			);
			runOnlyForDeploymentPostprocessing = 0;
		};
		FDF01CB52511F942004EAFF8 /* Sources */ = {
			isa = PBXSourcesBuildPhase;
			buildActionMask = 2147483647;
			files = (
				FDF01CBE2511F942004EAFF8 /* UnitTestSample2Tests.swift in Sources */,
			);
			runOnlyForDeploymentPostprocessing = 0;
		};
/* End PBXSourcesBuildPhase section */

/* Begin PBXTargetDependency section */
		FDF01CBB2511F942004EAFF8 /* PBXTargetDependency */ = {
			isa = PBXTargetDependency;
			target = FDF01CA22511F93A004EAFF8 /* UnitTestSample2 */;
			targetProxy = FDF01CBA2511F942004EAFF8 /* PBXContainerItemProxy */;
		};
/* End PBXTargetDependency section */

/* Begin PBXVariantGroup section */
		FDF01CAC2511F93A004EAFF8 /* Main.storyboard */ = {
			isa = PBXVariantGroup;
			children = (
				FDF01CAD2511F93A004EAFF8 /* Base */,
			);
			name = Main.storyboard;
			sourceTree = "<group>";
		};
		FDF01CB12511F942004EAFF8 /* LaunchScreen.storyboard */ = {
			isa = PBXVariantGroup;
			children = (
				FDF01CB22511F942004EAFF8 /* Base */,
			);
			name = LaunchScreen.storyboard;
			sourceTree = "<group>";
		};
/* End PBXVariantGroup section */

/* Begin XCBuildConfiguration section */
		FDF01CC02511F942004EAFF8 /* Debug */ = {
			isa = XCBuildConfiguration;
			buildSettings = {
				ALWAYS_SEARCH_USER_PATHS = NO;
				CLANG_ANALYZER_NONNULL = YES;
				CLANG_ANALYZER_NUMBER_OBJECT_CONVERSION = YES_AGGRESSIVE;
				CLANG_CXX_LANGUAGE_STANDARD = "gnu++14";
				CLANG_CXX_LIBRARY = "libc++";
				CLANG_ENABLE_MODULES = YES;
				CLANG_ENABLE_OBJC_ARC = YES;
				CLANG_ENABLE_OBJC_WEAK = YES;
				CLANG_WARN_BLOCK_CAPTURE_AUTORELEASING = YES;
				CLANG_WARN_BOOL_CONVERSION = YES;
				CLANG_WARN_COMMA = YES;
				CLANG_WARN_CONSTANT_CONVERSION = YES;
				CLANG_WARN_DEPRECATED_OBJC_IMPLEMENTATIONS = YES;
				CLANG_WARN_DIRECT_OBJC_ISA_USAGE = YES_ERROR;
				CLANG_WARN_DOCUMENTATION_COMMENTS = YES;
				CLANG_WARN_EMPTY_BODY = YES;
				CLANG_WARN_ENUM_CONVERSION = YES;
				CLANG_WARN_INFINITE_RECURSION = YES;
				CLANG_WARN_INT_CONVERSION = YES;
				CLANG_WARN_NON_LITERAL_NULL_CONVERSION = YES;
				CLANG_WARN_OBJC_IMPLICIT_RETAIN_SELF = YES;
				CLANG_WARN_OBJC_LITERAL_CONVERSION = YES;
				CLANG_WARN_OBJC_ROOT_CLASS = YES_ERROR;
				CLANG_WARN_RANGE_LOOP_ANALYSIS = YES;
				CLANG_WARN_STRICT_PROTOTYPES = YES;
				CLANG_WARN_SUSPICIOUS_MOVE = YES;
				CLANG_WARN_UNGUARDED_AVAILABILITY = YES_AGGRESSIVE;
				CLANG_WARN_UNREACHABLE_CODE = YES;
				CLANG_WARN__DUPLICATE_METHOD_MATCH = YES;
				COPY_PHASE_STRIP = NO;
				DEBUG_INFORMATION_FORMAT = dwarf;
				ENABLE_STRICT_OBJC_MSGSEND = YES;
				ENABLE_TESTABILITY = YES;
				GCC_C_LANGUAGE_STANDARD = gnu11;
				GCC_DYNAMIC_NO_PIC = NO;
				GCC_NO_COMMON_BLOCKS = YES;
				GCC_OPTIMIZATION_LEVEL = 0;
				GCC_PREPROCESSOR_DEFINITIONS = (
					"DEBUG=1",
					"$(inherited)",
				);
				GCC_WARN_64_TO_32_BIT_CONVERSION = YES;
				GCC_WARN_ABOUT_RETURN_TYPE = YES_ERROR;
				GCC_WARN_UNDECLARED_SELECTOR = YES;
				GCC_WARN_UNINITIALIZED_AUTOS = YES_AGGRESSIVE;
				GCC_WARN_UNUSED_FUNCTION = YES;
				GCC_WARN_UNUSED_VARIABLE = YES;
				IPHONEOS_DEPLOYMENT_TARGET = 13.5;
				MTL_ENABLE_DEBUG_INFO = INCLUDE_SOURCE;
				MTL_FAST_MATH = YES;
				ONLY_ACTIVE_ARCH = YES;
				SDKROOT = iphoneos;
				SWIFT_ACTIVE_COMPILATION_CONDITIONS = DEBUG;
				SWIFT_OPTIMIZATION_LEVEL = "-Onone";
			};
			name = Debug;
		};
		FDF01CC12511F942004EAFF8 /* Release */ = {
			isa = XCBuildConfiguration;
			buildSettings = {
				ALWAYS_SEARCH_USER_PATHS = NO;
				CLANG_ANALYZER_NONNULL = YES;
				CLANG_ANALYZER_NUMBER_OBJECT_CONVERSION = YES_AGGRESSIVE;
				CLANG_CXX_LANGUAGE_STANDARD = "gnu++14";
				CLANG_CXX_LIBRARY = "libc++";
				CLANG_ENABLE_MODULES = YES;
				CLANG_ENABLE_OBJC_ARC = YES;
				CLANG_ENABLE_OBJC_WEAK = YES;
				CLANG_WARN_BLOCK_CAPTURE_AUTORELEASING = YES;
				CLANG_WARN_BOOL_CONVERSION = YES;
				CLANG_WARN_COMMA = YES;
				CLANG_WARN_CONSTANT_CONVERSION = YES;
				CLANG_WARN_DEPRECATED_OBJC_IMPLEMENTATIONS = YES;
				CLANG_WARN_DIRECT_OBJC_ISA_USAGE = YES_ERROR;
				CLANG_WARN_DOCUMENTATION_COMMENTS = YES;
				CLANG_WARN_EMPTY_BODY = YES;
				CLANG_WARN_ENUM_CONVERSION = YES;
				CLANG_WARN_INFINITE_RECURSION = YES;
				CLANG_WARN_INT_CONVERSION = YES;
				CLANG_WARN_NON_LITERAL_NULL_CONVERSION = YES;
				CLANG_WARN_OBJC_IMPLICIT_RETAIN_SELF = YES;
				CLANG_WARN_OBJC_LITERAL_CONVERSION = YES;
				CLANG_WARN_OBJC_ROOT_CLASS = YES_ERROR;
				CLANG_WARN_RANGE_LOOP_ANALYSIS = YES;
				CLANG_WARN_STRICT_PROTOTYPES = YES;
				CLANG_WARN_SUSPICIOUS_MOVE = YES;
				CLANG_WARN_UNGUARDED_AVAILABILITY = YES_AGGRESSIVE;
				CLANG_WARN_UNREACHABLE_CODE = YES;
				CLANG_WARN__DUPLICATE_METHOD_MATCH = YES;
				COPY_PHASE_STRIP = NO;
				DEBUG_INFORMATION_FORMAT = "dwarf-with-dsym";
				ENABLE_NS_ASSERTIONS = NO;
				ENABLE_STRICT_OBJC_MSGSEND = YES;
				GCC_C_LANGUAGE_STANDARD = gnu11;
				GCC_NO_COMMON_BLOCKS = YES;
				GCC_WARN_64_TO_32_BIT_CONVERSION = YES;
				GCC_WARN_ABOUT_RETURN_TYPE = YES_ERROR;
				GCC_WARN_UNDECLARED_SELECTOR = YES;
				GCC_WARN_UNINITIALIZED_AUTOS = YES_AGGRESSIVE;
				GCC_WARN_UNUSED_FUNCTION = YES;
				GCC_WARN_UNUSED_VARIABLE = YES;
				IPHONEOS_DEPLOYMENT_TARGET = 13.5;
				MTL_ENABLE_DEBUG_INFO = NO;
				MTL_FAST_MATH = YES;
				SDKROOT = iphoneos;
				SWIFT_COMPILATION_MODE = wholemodule;
				SWIFT_OPTIMIZATION_LEVEL = "-O";
				VALIDATE_PRODUCT = YES;
			};
			name = Release;
		};
		FDF01CC32511F942004EAFF8 /* Debug */ = {
			isa = XCBuildConfiguration;
			buildSettings = {
				ASSETCATALOG_COMPILER_APPICON_NAME = AppIcon;
				CODE_SIGN_STYLE = Automatic;
				DEVELOPMENT_TEAM = 8DJ3WL36QU;
				INFOPLIST_FILE = UnitTestSample2/Info.plist;
				LD_RUNPATH_SEARCH_PATHS = (
					"$(inherited)",
					"@executable_path/Frameworks",
				);
				PRODUCT_BUNDLE_IDENTIFIER = "Swift-beginners2.UnitTestSample2";
				PRODUCT_NAME = "$(TARGET_NAME)";
				SWIFT_VERSION = 5.0;
				TARGETED_DEVICE_FAMILY = "1,2";
			};
			name = Debug;
		};
		FDF01CC42511F942004EAFF8 /* Release */ = {
			isa = XCBuildConfiguration;
			buildSettings = {
				ASSETCATALOG_COMPILER_APPICON_NAME = AppIcon;
				CODE_SIGN_STYLE = Automatic;
				DEVELOPMENT_TEAM = 8DJ3WL36QU;
				INFOPLIST_FILE = UnitTestSample2/Info.plist;
				LD_RUNPATH_SEARCH_PATHS = (
					"$(inherited)",
					"@executable_path/Frameworks",
				);
				PRODUCT_BUNDLE_IDENTIFIER = "Swift-beginners2.UnitTestSample2";
				PRODUCT_NAME = "$(TARGET_NAME)";
				SWIFT_VERSION = 5.0;
				TARGETED_DEVICE_FAMILY = "1,2";
			};
			name = Release;
		};
		FDF01CC62511F942004EAFF8 /* Debug */ = {
			isa = XCBuildConfiguration;
			buildSettings = {
				ALWAYS_EMBED_SWIFT_STANDARD_LIBRARIES = YES;
				BUNDLE_LOADER = "$(TEST_HOST)";
				CODE_SIGN_STYLE = Automatic;
				DEVELOPMENT_TEAM = 8DJ3WL36QU;
				INFOPLIST_FILE = UnitTestSample2Tests/Info.plist;
				IPHONEOS_DEPLOYMENT_TARGET = 13.5;
				LD_RUNPATH_SEARCH_PATHS = (
					"$(inherited)",
					"@executable_path/Frameworks",
					"@loader_path/Frameworks",
				);
				PRODUCT_BUNDLE_IDENTIFIER = "Swift-beginners2.UnitTestSample2Tests";
				PRODUCT_NAME = "$(TARGET_NAME)";
				SWIFT_VERSION = 5.0;
				TARGETED_DEVICE_FAMILY = "1,2";
				TEST_HOST = "$(BUILT_PRODUCTS_DIR)/UnitTestSample2.app/UnitTestSample2";
			};
			name = Debug;
		};
		FDF01CC72511F942004EAFF8 /* Release */ = {
			isa = XCBuildConfiguration;
			buildSettings = {
				ALWAYS_EMBED_SWIFT_STANDARD_LIBRARIES = YES;
				BUNDLE_LOADER = "$(TEST_HOST)";
				CODE_SIGN_STYLE = Automatic;
				DEVELOPMENT_TEAM = 8DJ3WL36QU;
				INFOPLIST_FILE = UnitTestSample2Tests/Info.plist;
				IPHONEOS_DEPLOYMENT_TARGET = 13.5;
				LD_RUNPATH_SEARCH_PATHS = (
					"$(inherited)",
					"@executable_path/Frameworks",
					"@loader_path/Frameworks",
				);
				PRODUCT_BUNDLE_IDENTIFIER = "Swift-beginners2.UnitTestSample2Tests";
				PRODUCT_NAME = "$(TARGET_NAME)";
				SWIFT_VERSION = 5.0;
				TARGETED_DEVICE_FAMILY = "1,2";
				TEST_HOST = "$(BUILT_PRODUCTS_DIR)/UnitTestSample2.app/UnitTestSample2";
			};
			name = Release;
		};
/* End XCBuildConfiguration section */

/* Begin XCConfigurationList section */
		FDF01C9E2511F93A004EAFF8 /* Build configuration list for PBXProject "UnitTestSample2" */ = {
			isa = XCConfigurationList;
			buildConfigurations = (
				FDF01CC02511F942004EAFF8 /* Debug */,
				FDF01CC12511F942004EAFF8 /* Release */,
			);
			defaultConfigurationIsVisible = 0;
			defaultConfigurationName = Release;
		};
		FDF01CC22511F942004EAFF8 /* Build configuration list for PBXNativeTarget "UnitTestSample2" */ = {
			isa = XCConfigurationList;
			buildConfigurations = (
				FDF01CC32511F942004EAFF8 /* Debug */,
				FDF01CC42511F942004EAFF8 /* Release */,
			);
			defaultConfigurationIsVisible = 0;
			defaultConfigurationName = Release;
		};
		FDF01CC52511F942004EAFF8 /* Build configuration list for PBXNativeTarget "UnitTestSample2Tests" */ = {
			isa = XCConfigurationList;
			buildConfigurations = (
				FDF01CC62511F942004EAFF8 /* Debug */,
				FDF01CC72511F942004EAFF8 /* Release */,
			);
			defaultConfigurationIsVisible = 0;
			defaultConfigurationName = Release;
		};
/* End XCConfigurationList section */
	};
	rootObject = FDF01C9B2511F93A004EAFF8 /* Project object */;
}
